
Microsoft Visual Studio Solution File, Format Version 12.00
# Visual Studio Version 16
VisualStudioVersion = 16.0.30413.136
MinimumVisualStudioVersion = 10.0.40219.1
Project("{8BC9CEB8-8B4A-11D0-8D11-00A0C91BC942}") = "week6send1", "week6send1\week6send1.vcxproj", "{54337B8F-FB67-4AA0-8CFB-72F45E10501E}"
EndProject
Global
	GlobalSection(SolutionConfigurationPlatforms) = preSolution
		Debug|x64 = Debug|x64
		Debug|x86 = Debug|x86
		Release|x64 = Release|x64
		Release|x86 = Release|x86
	EndGlobalSection
	GlobalSection(ProjectConfigurationPlatforms) = postSolution
		{54337B8F-FB67-4AA0-8CFB-72F45E10501E}.Debug|x64.ActiveCfg = Debug|x64
		{54337B8F-FB67-4AA0-8CFB-72F45E10501E}.Debug|x64.Build.0 = Debug|x64
		{54337B8F-FB67-4AA0-8CFB-72F45E10501E}.Debug|x86.ActiveCfg = Debug|Win32
		{54337B8F-FB67-4AA0-8CFB-72F45E10501E}.Debug|x86.Build.0 = Debug|Win32
		{54337B8F-FB67-4AA0-8CFB-72F45E10501E}.Release|x64.ActiveCfg = Release|x64
		{54337B8F-FB67-4AA0-8CFB-72F45E10501E}.Release|x64.Build.0 = Release|x64
		{54337B8F-FB67-4AA0-8CFB-72F45E10501E}.Release|x86.ActiveCfg = Release|Win32
		{54337B8F-FB67-4AA0-8CFB-72F45E10501E}.Release|x86.Build.0 = Release|Win32
	EndGlobalSection
	GlobalSection(SolutionProperties) = preSolution
		HideSolutionNode = FALSE
	EndGlobalSection
	GlobalSection(ExtensibilityGlobals) = postSolution
		SolutionGuid = {A14B14DE-E3D0-47B5-B5A6-4AEC9F9E74CE}
	EndGlobalSection
EndGlobal
